
Microsoft Visual Studio Solution File, Format Version 12.00
# Visual Studio Version 16
VisualStudioVersion = 16.0.30907.101
MinimumVisualStudioVersion = 10.0.40219.1
Project("{FAE04EC0-301F-11D3-BF4B-00C04F79EFBC}") = "Classes", "Classes\Classes.csproj", "{3EAB3721-F3A8-4EC5-B166-302640B72615}"
EndProject
Project("{FAE04EC0-301F-11D3-BF4B-00C04F79EFBC}") = "RecapDemo1", "RecapDemo1\RecapDemo1.csproj", "{44F3BEAA-E0B8-48E2-B944-172C078D33D1}"
EndProject
Project("{FAE04EC0-301F-11D3-BF4B-00C04F79EFBC}") = "Interfaces", "Interfaces\Interfaces.csproj", "{84C9F32A-E168-436B-A1F3-63C932E0A0F9}"
EndProject
Project("{FAE04EC0-301F-11D3-BF4B-00C04F79EFBC}") = "InterfacesDemo", "InterfacesDemo\InterfacesDemo.csproj", "{B1DB5FBC-B6CA-4DCF-AC0D-7BF2646F36D2}"
EndProject
Project("{FAE04EC0-301F-11D3-BF4B-00C04F79EFBC}") = "Inheritance", "Inheritance\Inheritance.csproj", "{2C03D489-0D02-4A54-9AFA-8FFE64D9FF77}"
EndProject
Global
	GlobalSection(SolutionConfigurationPlatforms) = preSolution
		Debug|Any CPU = Debug|Any CPU
		Release|Any CPU = Release|Any CPU
	EndGlobalSection
	GlobalSection(ProjectConfigurationPlatforms) = postSolution
		{3EAB3721-F3A8-4EC5-B166-302640B72615}.Debug|Any CPU.ActiveCfg = Debug|Any CPU
		{3EAB3721-F3A8-4EC5-B166-302640B72615}.Debug|Any CPU.Build.0 = Debug|Any CPU
		{3EAB3721-F3A8-4EC5-B166-302640B72615}.Release|Any CPU.ActiveCfg = Release|Any CPU
		{3EAB3721-F3A8-4EC5-B166-302640B72615}.Release|Any CPU.Build.0 = Release|Any CPU
		{44F3BEAA-E0B8-48E2-B944-172C078D33D1}.Debug|Any CPU.ActiveCfg = Debug|Any CPU
		{44F3BEAA-E0B8-48E2-B944-172C078D33D1}.Debug|Any CPU.Build.0 = Debug|Any CPU
		{44F3BEAA-E0B8-48E2-B944-172C078D33D1}.Release|Any CPU.ActiveCfg = Release|Any CPU
		{44F3BEAA-E0B8-48E2-B944-172C078D33D1}.Release|Any CPU.Build.0 = Release|Any CPU
		{84C9F32A-E168-436B-A1F3-63C932E0A0F9}.Debug|Any CPU.ActiveCfg = Debug|Any CPU
		{84C9F32A-E168-436B-A1F3-63C932E0A0F9}.Debug|Any CPU.Build.0 = Debug|Any CPU
		{84C9F32A-E168-436B-A1F3-63C932E0A0F9}.Release|Any CPU.ActiveCfg = Release|Any CPU
		{84C9F32A-E168-436B-A1F3-63C932E0A0F9}.Release|Any CPU.Build.0 = Release|Any CPU
		{B1DB5FBC-B6CA-4DCF-AC0D-7BF2646F36D2}.Debug|Any CPU.ActiveCfg = Debug|Any CPU
		{B1DB5FBC-B6CA-4DCF-AC0D-7BF2646F36D2}.Debug|Any CPU.Build.0 = Debug|Any CPU
		{B1DB5FBC-B6CA-4DCF-AC0D-7BF2646F36D2}.Release|Any CPU.ActiveCfg = Release|Any CPU
		{B1DB5FBC-B6CA-4DCF-AC0D-7BF2646F36D2}.Release|Any CPU.Build.0 = Release|Any CPU
		{2C03D489-0D02-4A54-9AFA-8FFE64D9FF77}.Debug|Any CPU.ActiveCfg = Debug|Any CPU
		{2C03D489-0D02-4A54-9AFA-8FFE64D9FF77}.Debug|Any CPU.Build.0 = Debug|Any CPU
		{2C03D489-0D02-4A54-9AFA-8FFE64D9FF77}.Release|Any CPU.ActiveCfg = Release|Any CPU
		{2C03D489-0D02-4A54-9AFA-8FFE64D9FF77}.Release|Any CPU.Build.0 = Release|Any CPU
	EndGlobalSection
	GlobalSection(SolutionProperties) = preSolution
		HideSolutionNode = FALSE
	EndGlobalSection
	GlobalSection(ExtensibilityGlobals) = postSolution
		SolutionGuid = {DC3A51B0-F3E3-43DD-9762-573DCB22B249}
	EndGlobalSection
EndGlobal
